
Microsoft Visual Studio Solution File, Format Version 12.00
# Visual Studio Version 17
VisualStudioVersion = 17.4.33403.182
MinimumVisualStudioVersion = 10.0.40219.1
Project("{FAE04EC0-301F-11D3-BF4B-00C04F79EFBC}") = "PantryStocker", "PantryStocker\PantryStocker.csproj", "{100375D5-9BB2-44E7-9BAD-07EC1B85441D}"
EndProject
Global
	GlobalSection(SolutionConfigurationPlatforms) = preSolution
		Debug|Any CPU = Debug|Any CPU
		Release|Any CPU = Release|Any CPU
	EndGlobalSection
	GlobalSection(ProjectConfigurationPlatforms) = postSolution
		{100375D5-9BB2-44E7-9BAD-07EC1B85441D}.Debug|Any CPU.ActiveCfg = Debug|Any CPU
		{100375D5-9BB2-44E7-9BAD-07EC1B85441D}.Debug|Any CPU.Build.0 = Debug|Any CPU
		{100375D5-9BB2-44E7-9BAD-07EC1B85441D}.Release|Any CPU.ActiveCfg = Release|Any CPU
		{100375D5-9BB2-44E7-9BAD-07EC1B85441D}.Release|Any CPU.Build.0 = Release|Any CPU
	EndGlobalSection
	GlobalSection(SolutionProperties) = preSolution
		HideSolutionNode = FALSE
	EndGlobalSection
	GlobalSection(ExtensibilityGlobals) = postSolution
		SolutionGuid = {22743914-F6E5-439A-8ECF-870939830026}
	EndGlobalSection
EndGlobal
